
Microsoft Visual Studio Solution File, Format Version 12.00
Project("{FAE04EC0-301F-11D3-BF4B-00C04F79EFBC}") = "windows-calculator", "windows-calculator\windows-calculator.csproj", "{A6AC6485-51AC-42E2-B17B-8F1ACB13795E}"
EndProject
Global
	GlobalSection(SolutionConfigurationPlatforms) = preSolution
		Debug|Any CPU = Debug|Any CPU
		Release|Any CPU = Release|Any CPU
	EndGlobalSection
	GlobalSection(ProjectConfigurationPlatforms) = postSolution
		{A6AC6485-51AC-42E2-B17B-8F1ACB13795E}.Debug|Any CPU.ActiveCfg = Debug|Any CPU
		{A6AC6485-51AC-42E2-B17B-8F1ACB13795E}.Debug|Any CPU.Build.0 = Debug|Any CPU
		{A6AC6485-51AC-42E2-B17B-8F1ACB13795E}.Release|Any CPU.ActiveCfg = Release|Any CPU
		{A6AC6485-51AC-42E2-B17B-8F1ACB13795E}.Release|Any CPU.Build.0 = Release|Any CPU
	EndGlobalSection
EndGlobal
